Microsoft Visual Studio Solution File, Format Version 11.00
# Visual Studio 2008

Project("{2771342D-F8EB-72ED-A536-7650EBE7C5A0}") = "Summer-2016-Game", "Assembly-CSharp-firstpass.csproj", "{97751152-5416-B047-15A8-FD2F6035A487}"
EndProject
Project("{2771342D-F8EB-72ED-A536-7650EBE7C5A0}") = "Summer-2016-Game", "Assembly-CSharp.csproj", "{FE28671A-BF87-9272-4BF5-36E72A8B3DD9}"
EndProject
Project("{2771342D-F8EB-72ED-A536-7650EBE7C5A0}") = "Summer-2016-Game", "Assembly-CSharp-Editor.csproj", "{92DFDE14-F960-8D1A-867E-F379C73F3633}"
EndProject
Global
	GlobalSection(SolutionConfigurationPlatforms) = preSolution
		Debug|Any CPU = Debug|Any CPU
		Release|Any CPU = Release|Any CPU
	EndGlobalSection
	GlobalSection(ProjectConfigurationPlatforms) = postSolution
		{97751152-5416-B047-15A8-FD2F6035A487}.Debug|Any CPU.ActiveCfg = Debug|Any CPU
		{97751152-5416-B047-15A8-FD2F6035A487}.Debug|Any CPU.Build.0 = Debug|Any CPU
		{97751152-5416-B047-15A8-FD2F6035A487}.Release|Any CPU.ActiveCfg = Release|Any CPU
		{97751152-5416-B047-15A8-FD2F6035A487}.Release|Any CPU.Build.0 = Release|Any CPU
		{FE28671A-BF87-9272-4BF5-36E72A8B3DD9}.Debug|Any CPU.ActiveCfg = Debug|Any CPU
		{FE28671A-BF87-9272-4BF5-36E72A8B3DD9}.Debug|Any CPU.Build.0 = Debug|Any CPU
		{FE28671A-BF87-9272-4BF5-36E72A8B3DD9}.Release|Any CPU.ActiveCfg = Release|Any CPU
		{FE28671A-BF87-9272-4BF5-36E72A8B3DD9}.Release|Any CPU.Build.0 = Release|Any CPU
		{92DFDE14-F960-8D1A-867E-F379C73F3633}.Debug|Any CPU.ActiveCfg = Debug|Any CPU
		{92DFDE14-F960-8D1A-867E-F379C73F3633}.Debug|Any CPU.Build.0 = Debug|Any CPU
		{92DFDE14-F960-8D1A-867E-F379C73F3633}.Release|Any CPU.ActiveCfg = Release|Any CPU
		{92DFDE14-F960-8D1A-867E-F379C73F3633}.Release|Any CPU.Build.0 = Release|Any CPU
	EndGlobalSection
	GlobalSection(SolutionProperties) = preSolution
		HideSolutionNode = FALSE
	EndGlobalSection
	GlobalSection(MonoDevelopProperties) = preSolution
		StartupItem = Assembly-CSharp.csproj
	EndGlobalSection
EndGlobal
